{
  "version": 4,
  "terraform_version": "1.10.5",
  "serial": 10,
  "lineage": "0578b172-5aea-d6b2-979f-bb9ca093bc0e",
  "outputs": {},
  "resources": [
    {
      "mode": "managed",
      "type": "google_dataproc_cluster",
      "name": "dataproc_cluster",
      "provider": "provider[\"registry.terraform.io/hashicorp/google\"]",
      "instances": [
        {
          "schema_version": 1,
          "attributes": {
            "cluster_config": [
              {
                "autoscaling_config": [],
                "auxiliary_node_groups": [],
                "bucket": "gcp-spark-storage-bucket",
                "dataproc_metric_config": [],
                "encryption_config": [],
                "endpoint_config": [
                  {
                    "enable_http_port_access": true,
                    "http_ports": {
                      "HDFS NameNode": "https://iw7pr3pokfe4vjwnpwod44d7pq-dot-us-east1.dataproc.googleusercontent.com/hdfs/dfshealth.html",
                      "Jupyter": "https://iw7pr3pokfe4vjwnpwod44d7pq-dot-us-east1.dataproc.googleusercontent.com/gateway/default/jupyter/",
                      "JupyterLab": "https://iw7pr3pokfe4vjwnpwod44d7pq-dot-us-east1.dataproc.googleusercontent.com/gateway/default/jupyter/lab/",
                      "MapReduce Job History": "https://iw7pr3pokfe4vjwnpwod44d7pq-dot-us-east1.dataproc.googleusercontent.com/jobhistory/",
                      "Spark History Server": "https://iw7pr3pokfe4vjwnpwod44d7pq-dot-us-east1.dataproc.googleusercontent.com/sparkhistory/",
                      "Tez": "https://iw7pr3pokfe4vjwnpwod44d7pq-dot-us-east1.dataproc.googleusercontent.com/apphistory/tez-ui/",
                      "YARN Application Timeline": "https://iw7pr3pokfe4vjwnpwod44d7pq-dot-us-east1.dataproc.googleusercontent.com/apphistory/",
                      "YARN ResourceManager": "https://iw7pr3pokfe4vjwnpwod44d7pq-dot-us-east1.dataproc.googleusercontent.com/yarn/"
                    }
                  }
                ],
                "gce_cluster_config": [
                  {
                    "confidential_instance_config": [],
                    "internal_ip_only": false,
                    "metadata": {},
                    "network": "https://www.googleapis.com/compute/v1/projects/gcp-spark-451716/global/networks/default",
                    "node_group_affinity": [],
                    "reservation_affinity": [],
                    "service_account": "",
                    "service_account_scopes": [
                      "https://www.googleapis.com/auth/bigquery",
                      "https://www.googleapis.com/auth/bigtable.admin.table",
                      "https://www.googleapis.com/auth/bigtable.data",
                      "https://www.googleapis.com/auth/cloud.useraccounts.readonly",
                      "https://www.googleapis.com/auth/devstorage.full_control",
                      "https://www.googleapis.com/auth/devstorage.read_write",
                      "https://www.googleapis.com/auth/logging.write"
                    ],
                    "shielded_instance_config": [],
                    "subnetwork": "",
                    "tags": [],
                    "zone": "us-east1-c"
                  }
                ],
                "initialization_action": [],
                "lifecycle_config": [],
                "master_config": [
                  {
                    "accelerators": [],
                    "disk_config": [
                      {
                        "boot_disk_size_gb": 1000,
                        "boot_disk_type": "pd-standard",
                        "local_ssd_interface": "",
                        "num_local_ssds": 0
                      }
                    ],
                    "image_uri": "https://www.googleapis.com/compute/v1/projects/cloud-dataproc/global/images/dataproc-1-4-deb10-20220125-170200-rc01",
                    "instance_names": [
                      "spark-jupyter-cluster-m"
                    ],
                    "machine_type": "n1-standard-1",
                    "min_cpu_platform": "AUTOMATIC",
                    "num_instances": 1
                  }
                ],
                "metastore_config": [],
                "preemptible_worker_config": [
                  {
                    "disk_config": [
                      {
                        "boot_disk_size_gb": null,
                        "boot_disk_type": null,
                        "local_ssd_interface": null,
                        "num_local_ssds": null
                      }
                    ],
                    "instance_flexibility_policy": [
                      {
                        "instance_selection_list": null,
                        "instance_selection_results": null,
                        "provisioning_model_mix": null
                      }
                    ],
                    "instance_names": [],
                    "num_instances": 0,
                    "preemptibility": ""
                  }
                ],
                "security_config": [],
                "software_config": [
                  {
                    "image_version": "1.4.80-debian10",
                    "optional_components": [
                      "ANACONDA",
                      "JUPYTER"
                    ],
                    "override_properties": null,
                    "properties": {
                      "capacity-scheduler:yarn.scheduler.capacity.root.default.ordering-policy": "fair",
                      "core:fs.gs.block.size": "134217728",
                      "core:fs.gs.metadata.cache.enable": "false",
                      "core:hadoop.ssl.enabled.protocols": "TLSv1,TLSv1.1,TLSv1.2",
                      "distcp:mapreduce.map.java.opts": "-Xmx576m",
                      "distcp:mapreduce.map.memory.mb": "768",
                      "distcp:mapreduce.reduce.java.opts": "-Xmx576m",
                      "distcp:mapreduce.reduce.memory.mb": "768",
                      "hdfs:dfs.datanode.address": "0.0.0.0:9866",
                      "hdfs:dfs.datanode.http.address": "0.0.0.0:9864",
                      "hdfs:dfs.datanode.https.address": "0.0.0.0:9865",
                      "hdfs:dfs.datanode.ipc.address": "0.0.0.0:9867",
                      "hdfs:dfs.namenode.handler.count": "20",
                      "hdfs:dfs.namenode.http-address": "0.0.0.0:9870",
                      "hdfs:dfs.namenode.https-address": "0.0.0.0:9871",
                      "hdfs:dfs.namenode.lifeline.rpc-address": "spark-jupyter-cluster-m:8050",
                      "hdfs:dfs.namenode.secondary.http-address": "0.0.0.0:9868",
                      "hdfs:dfs.namenode.secondary.https-address": "0.0.0.0:9869",
                      "hdfs:dfs.namenode.service.handler.count": "10",
                      "hdfs:dfs.namenode.servicerpc-address": "spark-jupyter-cluster-m:8051",
                      "mapred-env:HADOOP_JOB_HISTORYSERVER_HEAPSIZE": "1000",
                      "mapred:mapreduce.job.maps": "15",
                      "mapred:mapreduce.job.reduce.slowstart.completedmaps": "0.95",
                      "mapred:mapreduce.job.reduces": "2",
                      "mapred:mapreduce.map.cpu.vcores": "1",
                      "mapred:mapreduce.map.java.opts": "-Xmx819m",
                      "mapred:mapreduce.map.memory.mb": "1024",
                      "mapred:mapreduce.reduce.cpu.vcores": "1",
                      "mapred:mapreduce.reduce.java.opts": "-Xmx1638m",
                      "mapred:mapreduce.reduce.memory.mb": "2048",
                      "mapred:mapreduce.task.io.sort.mb": "256",
                      "mapred:yarn.app.mapreduce.am.command-opts": "-Xmx819m",
                      "mapred:yarn.app.mapreduce.am.resource.cpu-vcores": "1",
                      "mapred:yarn.app.mapreduce.am.resource.mb": "1024",
                      "spark-env:SPARK_DAEMON_MEMORY": "1000m",
                      "spark:spark.driver.maxResultSize": "480m",
                      "spark:spark.driver.memory": "960m",
                      "spark:spark.executor.cores": "1",
                      "spark:spark.executor.instances": "2",
                      "spark:spark.executor.memory": "2688m",
                      "spark:spark.executorEnv.OPENBLAS_NUM_THREADS": "1",
                      "spark:spark.extraListeners": "com.google.cloud.spark.performance.DataprocMetricsListener",
                      "spark:spark.scheduler.mode": "FAIR",
                      "spark:spark.sql.cbo.enabled": "true",
                      "spark:spark.yarn.am.memory": "640m",
                      "yarn-env:YARN_NODEMANAGER_HEAPSIZE": "1000",
                      "yarn-env:YARN_RESOURCEMANAGER_HEAPSIZE": "1000",
                      "yarn-env:YARN_TIMELINESERVER_HEAPSIZE": "1000",
                      "yarn:yarn.nodemanager.resource.cpu-vcores": "1",
                      "yarn:yarn.nodemanager.resource.memory-mb": "3072",
                      "yarn:yarn.resourcemanager.nodemanager-graceful-decommission-timeout-secs": "86400",
                      "yarn:yarn.scheduler.maximum-allocation-mb": "3072",
                      "yarn:yarn.scheduler.minimum-allocation-mb": "256"
                    }
                  }
                ],
                "staging_bucket": "gcp-spark-storage-bucket",
                "temp_bucket": "gcp-spark-storage-bucket",
                "worker_config": [
                  {
                    "accelerators": [],
                    "disk_config": [
                      {
                        "boot_disk_size_gb": 1000,
                        "boot_disk_type": "pd-standard",
                        "local_ssd_interface": "",
                        "num_local_ssds": 0
                      }
                    ],
                    "image_uri": "https://www.googleapis.com/compute/v1/projects/cloud-dataproc/global/images/dataproc-1-4-deb10-20220125-170200-rc01",
                    "instance_names": [
                      "spark-jupyter-cluster-w-0",
                      "spark-jupyter-cluster-w-1"
                    ],
                    "machine_type": "n1-standard-1",
                    "min_cpu_platform": "AUTOMATIC",
                    "min_num_instances": 0,
                    "num_instances": 2
                  }
                ]
              }
            ],
            "effective_labels": {
              "goog-dataproc-autozone": "enabled",
              "goog-dataproc-cluster-name": "spark-jupyter-cluster",
              "goog-dataproc-cluster-uuid": "414fd0bb-d1ec-4c05-b211-0050a8860840",
              "goog-dataproc-location": "us-east1",
              "goog-drz-dataproc-uuid": "cluster-414fd0bb-d1ec-4c05-b211-0050a8860840"
            },
            "graceful_decommission_timeout": "0s",
            "id": "projects/gcp-spark-451716/regions/us-east1/clusters/spark-jupyter-cluster",
            "labels": null,
            "name": "spark-jupyter-cluster",
            "project": "gcp-spark-451716",
            "region": "us-east1",
            "terraform_labels": {},
            "timeouts": null,
            "virtual_cluster_config": []
          },
          "sensitive_attributes": [],
          "private": "eyJlMmJmYjczMC1lY2FhLTExZTYtOGY4OC0zNDM2M2JjN2M0YzAiOnsiY3JlYXRlIjoyNzAwMDAwMDAwMDAwLCJkZWxldGUiOjI3MDAwMDAwMDAwMDAsInVwZGF0ZSI6MjcwMDAwMDAwMDAwMH0sInNjaGVtYV92ZXJzaW9uIjoiMSJ9",
          "dependencies": [
            "google_storage_bucket.gcs_bucket"
          ]
        }
      ]
    },
    {
      "mode": "managed",
      "type": "google_storage_bucket",
      "name": "gcs_bucket",
      "provider": "provider[\"registry.terraform.io/hashicorp/google\"]",
      "instances": [
        {
          "schema_version": 3,
          "attributes": {
            "autoclass": [],
            "cors": [],
            "custom_placement_config": [],
            "default_event_based_hold": false,
            "effective_labels": {
              "goog-terraform-provisioned": "true"
            },
            "enable_object_retention": false,
            "encryption": [],
            "force_destroy": true,
            "hierarchical_namespace": [
              {
                "enabled": false
              }
            ],
            "id": "gcp-spark-storage-bucket",
            "labels": {},
            "lifecycle_rule": [],
            "location": "US-EAST1",
            "logging": [],
            "name": "gcp-spark-storage-bucket",
            "project": "gcp-spark-451716",
            "project_number": 970407179931,
            "public_access_prevention": "inherited",
            "requester_pays": false,
            "retention_policy": [],
            "rpo": null,
            "self_link": "https://www.googleapis.com/storage/v1/b/gcp-spark-storage-bucket",
            "soft_delete_policy": [
              {
                "effective_time": "2025-02-22T16:50:27.931Z",
                "retention_duration_seconds": 604800
              }
            ],
            "storage_class": "STANDARD",
            "terraform_labels": {
              "goog-terraform-provisioned": "true"
            },
            "timeouts": null,
            "uniform_bucket_level_access": false,
            "url": "gs://gcp-spark-storage-bucket",
            "versioning": [],
            "website": []
          },
          "sensitive_attributes": [],
          "private": "eyJlMmJmYjczMC1lY2FhLTExZTYtOGY4OC0zNDM2M2JjN2M0YzAiOnsiY3JlYXRlIjo2MDAwMDAwMDAwMDAsInJlYWQiOjI0MDAwMDAwMDAwMCwidXBkYXRlIjoyNDAwMDAwMDAwMDB9LCJzY2hlbWFfdmVyc2lvbiI6IjMifQ=="
        }
      ]
    }
  ],
  "check_results": null
}
